
Microsoft Visual Studio Solution File, Format Version 12.00
# Visual Studio Version 16
VisualStudioVersion = 16.0.31702.278
MinimumVisualStudioVersion = 10.0.40219.1
Project("{FAE04EC0-301F-11D3-BF4B-00C04F79EFBC}") = "TodoApi", "TodoApi\TodoApi.csproj", "{196BADE0-C1A0-4B11-B266-42FE0491CD31}"
EndProject
Global
	GlobalSection(SolutionConfigurationPlatforms) = preSolution
		Debug|Any CPU = Debug|Any CPU
		Release|Any CPU = Release|Any CPU
	EndGlobalSection
	GlobalSection(ProjectConfigurationPlatforms) = postSolution
		{196BADE0-C1A0-4B11-B266-42FE0491CD31}.Debug|Any CPU.ActiveCfg = Debug|Any CPU
		{196BADE0-C1A0-4B11-B266-42FE0491CD31}.Debug|Any CPU.Build.0 = Debug|Any CPU
		{196BADE0-C1A0-4B11-B266-42FE0491CD31}.Release|Any CPU.ActiveCfg = Release|Any CPU
		{196BADE0-C1A0-4B11-B266-42FE0491CD31}.Release|Any CPU.Build.0 = Release|Any CPU
	EndGlobalSection
	GlobalSection(SolutionProperties) = preSolution
		HideSolutionNode = FALSE
	EndGlobalSection
	GlobalSection(ExtensibilityGlobals) = postSolution
		SolutionGuid = {16128E2B-B7A2-4CCC-98C6-B0C783627B69}
	EndGlobalSection
EndGlobal
